// !$*UTF8*$!
{
	archiveVersion = 1;
	classes = {
	};
	objectVersion = 46;
	objects = {

/* Begin PBXBuildFile section */
		B075F8291860383A00AE922B /* Foundation.framework in Frameworks */ = {isa = PBXBuildFile; fileRef = B075F8281860383A00AE922B /* Foundation.framework */; };
		B075F82B1860383A00AE922B /* CoreGraphics.framework in Frameworks */ = {isa = PBXBuildFile; fileRef = B075F82A1860383A00AE922B /* CoreGraphics.framework */; };
		B075F82D1860383A00AE922B /* UIKit.framework in Frameworks */ = {isa = PBXBuildFile; fileRef = B075F82C1860383A00AE922B /* UIKit.framework */; };
		B075F8331860383A00AE922B /* InfoPlist.strings in Resources */ = {isa = PBXBuildFile; fileRef = B075F8311860383A00AE922B /* InfoPlist.strings */; };
		B075F8351860383A00AE922B /* main.m in Sources */ = {isa = PBXBuildFile; fileRef = B075F8341860383A00AE922B /* main.m */; };
		B075F8391860383A00AE922B /* AppDelegate.m in Sources */ = {isa = PBXBuildFile; fileRef = B075F8381860383A00AE922B /* AppDelegate.m */; };
		B075F83B1860383A00AE922B /* Images.xcassets in Resources */ = {isa = PBXBuildFile; fileRef = B075F83A1860383A00AE922B /* Images.xcassets */; };
		B075F8421860383B00AE922B /* XCTest.framework in Frameworks */ = {isa = PBXBuildFile; fileRef = B075F8411860383B00AE922B /* XCTest.framework */; };
		B075F8431860383B00AE922B /* Foundation.framework in Frameworks */ = {isa = PBXBuildFile; fileRef = B075F8281860383A00AE922B /* Foundation.framework */; };
		B075F8441860383B00AE922B /* UIKit.framework in Frameworks */ = {isa = PBXBuildFile; fileRef = B075F82C1860383A00AE922B /* UIKit.framework */; };
		B075F84C1860383B00AE922B /* InfoPlist.strings in Resources */ = {isa = PBXBuildFile; fileRef = B075F84A1860383B00AE922B /* InfoPlist.strings */; };
		B075F84E1860383B00AE922B /* SSObjectBaseTestTests.m in Sources */ = {isa = PBXBuildFile; fileRef = B075F84D1860383B00AE922B /* SSObjectBaseTestTests.m */; };
		B075F85A1860387500AE922B /* SSObjectBase.m in Sources */ = {isa = PBXBuildFile; fileRef = B075F8591860387500AE922B /* SSObjectBase.m */; };
		B075F85D186038B000AE922B /* GroupObject.m in Sources */ = {isa = PBXBuildFile; fileRef = B075F85C186038B000AE922B /* GroupObject.m */; };
		B075F8601860394B00AE922B /* PersonObject.m in Sources */ = {isa = PBXBuildFile; fileRef = B075F85F1860394B00AE922B /* PersonObject.m */; };
		B075F86318603B3000AE922B /* ClassesObject.m in Sources */ = {isa = PBXBuildFile; fileRef = B075F86218603B3000AE922B /* ClassesObject.m */; };
/* End PBXBuildFile section */

/* Begin PBXContainerItemProxy section */
		B075F8451860383B00AE922B /* PBXContainerItemProxy */ = {
			isa = PBXContainerItemProxy;
			containerPortal = B075F81D1860383A00AE922B /* Project object */;
			proxyType = 1;
			remoteGlobalIDString = B075F8241860383A00AE922B;
			remoteInfo = SSObjectBaseTest;
		};
/* End PBXContainerItemProxy section */

/* Begin PBXFileReference section */
		B075F8251860383A00AE922B /* SSObjectBaseTest.app */ = {isa = PBXFileReference; explicitFileType = wrapper.application; includeInIndex = 0; path = SSObjectBaseTest.app; sourceTree = BUILT_PRODUCTS_DIR; };
		B075F8281860383A00AE922B /* Foundation.framework */ = {isa = PBXFileReference; lastKnownFileType = wrapper.framework; name = Foundation.framework; path = System/Library/Frameworks/Foundation.framework; sourceTree = SDKROOT; };
		B075F82A1860383A00AE922B /* CoreGraphics.framework */ = {isa = PBXFileReference; lastKnownFileType = wrapper.framework; name = CoreGraphics.framework; path = System/Library/Frameworks/CoreGraphics.framework; sourceTree = SDKROOT; };
		B075F82C1860383A00AE922B /* UIKit.framework */ = {isa = PBXFileReference; lastKnownFileType = wrapper.framework; name = UIKit.framework; path = System/Library/Frameworks/UIKit.framework; sourceTree = SDKROOT; };
		B075F8301860383A00AE922B /* SSObjectBaseTest-Info.plist */ = {isa = PBXFileReference; lastKnownFileType = text.plist.xml; path = "SSObjectBaseTest-Info.plist"; sourceTree = "<group>"; };
		B075F8321860383A00AE922B /* en */ = {isa = PBXFileReference; lastKnownFileType = text.plist.strings; name = en; path = en.lproj/InfoPlist.strings; sourceTree = "<group>"; };
		B075F8341860383A00AE922B /* main.m */ = {isa = PBXFileReference; lastKnownFileType = sourcecode.c.objc; path = main.m; sourceTree = "<group>"; };
		B075F8361860383A00AE922B /* SSObjectBaseTest-Prefix.pch */ = {isa = PBXFileReference; lastKnownFileType = sourcecode.c.h; path = "SSObjectBaseTest-Prefix.pch"; sourceTree = "<group>"; };
		B075F8371860383A00AE922B /* AppDelegate.h */ = {isa = PBXFileReference; lastKnownFileType = sourcecode.c.h; path = AppDelegate.h; sourceTree = "<group>"; };
		B075F8381860383A00AE922B /* AppDelegate.m */ = {isa = PBXFileReference; lastKnownFileType = sourcecode.c.objc; path = AppDelegate.m; sourceTree = "<group>"; };
		B075F83A1860383A00AE922B /* Images.xcassets */ = {isa = PBXFileReference; lastKnownFileType = folder.assetcatalog; path = Images.xcassets; sourceTree = "<group>"; };
		B075F8401860383B00AE922B /* SSObjectBaseTestTests.xctest */ = {isa = PBXFileReference; explicitFileType = wrapper.cfbundle; includeInIndex = 0; path = SSObjectBaseTestTests.xctest; sourceTree = BUILT_PRODUCTS_DIR; };
		B075F8411860383B00AE922B /* XCTest.framework */ = {isa = PBXFileReference; lastKnownFileType = wrapper.framework; name = XCTest.framework; path = Library/Frameworks/XCTest.framework; sourceTree = DEVELOPER_DIR; };
		B075F8491860383B00AE922B /* SSObjectBaseTestTests-Info.plist */ = {isa = PBXFileReference; lastKnownFileType = text.plist.xml; path = "SSObjectBaseTestTests-Info.plist"; sourceTree = "<group>"; };
		B075F84B1860383B00AE922B /* en */ = {isa = PBXFileReference; lastKnownFileType = text.plist.strings; name = en; path = en.lproj/InfoPlist.strings; sourceTree = "<group>"; };
		B075F84D1860383B00AE922B /* SSObjectBaseTestTests.m */ = {isa = PBXFileReference; lastKnownFileType = sourcecode.c.objc; path = SSObjectBaseTestTests.m; sourceTree = "<group>"; };
		B075F8581860387500AE922B /* SSObjectBase.h */ = {isa = PBXFileReference; fileEncoding = 4; lastKnownFileType = sourcecode.c.h; path = SSObjectBase.h; sourceTree = "<group>"; };
		B075F8591860387500AE922B /* SSObjectBase.m */ = {isa = PBXFileReference; fileEncoding = 4; lastKnownFileType = sourcecode.c.objc; path = SSObjectBase.m; sourceTree = "<group>"; };
		B075F85B186038B000AE922B /* GroupObject.h */ = {isa = PBXFileReference; fileEncoding = 4; lastKnownFileType = sourcecode.c.h; path = GroupObject.h; sourceTree = "<group>"; };
		B075F85C186038B000AE922B /* GroupObject.m */ = {isa = PBXFileReference; fileEncoding = 4; lastKnownFileType = sourcecode.c.objc; path = GroupObject.m; sourceTree = "<group>"; };
		B075F85E1860394B00AE922B /* PersonObject.h */ = {isa = PBXFileReference; fileEncoding = 4; lastKnownFileType = sourcecode.c.h; path = PersonObject.h; sourceTree = "<group>"; };
		B075F85F1860394B00AE922B /* PersonObject.m */ = {isa = PBXFileReference; fileEncoding = 4; lastKnownFileType = sourcecode.c.objc; path = PersonObject.m; sourceTree = "<group>"; };
		B075F86118603B3000AE922B /* ClassesObject.h */ = {isa = PBXFileReference; fileEncoding = 4; lastKnownFileType = sourcecode.c.h; path = ClassesObject.h; sourceTree = "<group>"; };
		B075F86218603B3000AE922B /* ClassesObject.m */ = {isa = PBXFileReference; fileEncoding = 4; lastKnownFileType = sourcecode.c.objc; path = ClassesObject.m; sourceTree = "<group>"; };
/* End PBXFileReference section */

/* Begin PBXFrameworksBuildPhase section */
		B075F8221860383A00AE922B /* Frameworks */ = {
			isa = PBXFrameworksBuildPhase;
			buildActionMask = 2147483647;
			files = (
				B075F82B1860383A00AE922B /* CoreGraphics.framework in Frameworks */,
				B075F82D1860383A00AE922B /* UIKit.framework in Frameworks */,
				B075F8291860383A00AE922B /* Foundation.framework in Frameworks */,
			);
			runOnlyForDeploymentPostprocessing = 0;
		};
		B075F83D1860383B00AE922B /* Frameworks */ = {
			isa = PBXFrameworksBuildPhase;
			buildActionMask = 2147483647;
			files = (
				B075F8421860383B00AE922B /* XCTest.framework in Frameworks */,
				B075F8441860383B00AE922B /* UIKit.framework in Frameworks */,
				B075F8431860383B00AE922B /* Foundation.framework in Frameworks */,
			);
			runOnlyForDeploymentPostprocessing = 0;
		};
/* End PBXFrameworksBuildPhase section */

/* Begin PBXGroup section */
		B075F81C1860383A00AE922B = {
			isa = PBXGroup;
			children = (
				B075F8571860387500AE922B /* SSObjectBase */,
				B075F82E1860383A00AE922B /* SSObjectBaseTest */,
				B075F8471860383B00AE922B /* SSObjectBaseTestTests */,
				B075F8271860383A00AE922B /* Frameworks */,
				B075F8261860383A00AE922B /* Products */,
			);
			sourceTree = "<group>";
		};
		B075F8261860383A00AE922B /* Products */ = {
			isa = PBXGroup;
			children = (
				B075F8251860383A00AE922B /* SSObjectBaseTest.app */,
				B075F8401860383B00AE922B /* SSObjectBaseTestTests.xctest */,
			);
			name = Products;
			sourceTree = "<group>";
		};
		B075F8271860383A00AE922B /* Frameworks */ = {
			isa = PBXGroup;
			children = (
				B075F8281860383A00AE922B /* Foundation.framework */,
				B075F82A1860383A00AE922B /* CoreGraphics.framework */,
				B075F82C1860383A00AE922B /* UIKit.framework */,
				B075F8411860383B00AE922B /* XCTest.framework */,
			);
			name = Frameworks;
			sourceTree = "<group>";
		};
		B075F82E1860383A00AE922B /* SSObjectBaseTest */ = {
			isa = PBXGroup;
			children = (
				B075F85E1860394B00AE922B /* PersonObject.h */,
				B075F85F1860394B00AE922B /* PersonObject.m */,
				B075F85B186038B000AE922B /* GroupObject.h */,
				B075F85C186038B000AE922B /* GroupObject.m */,
				B075F86118603B3000AE922B /* ClassesObject.h */,
				B075F86218603B3000AE922B /* ClassesObject.m */,
				B075F8371860383A00AE922B /* AppDelegate.h */,
				B075F8381860383A00AE922B /* AppDelegate.m */,
				B075F83A1860383A00AE922B /* Images.xcassets */,
				B075F82F1860383A00AE922B /* Supporting Files */,
			);
			path = SSObjectBaseTest;
			sourceTree = "<group>";
		};
		B075F82F1860383A00AE922B /* Supporting Files */ = {
			isa = PBXGroup;
			children = (
				B075F8301860383A00AE922B /* SSObjectBaseTest-Info.plist */,
				B075F8311860383A00AE922B /* InfoPlist.strings */,
				B075F8341860383A00AE922B /* main.m */,
				B075F8361860383A00AE922B /* SSObjectBaseTest-Prefix.pch */,
			);
			name = "Supporting Files";
			sourceTree = "<group>";
		};
		B075F8471860383B00AE922B /* SSObjectBaseTestTests */ = {
			isa = PBXGroup;
			children = (
				B075F84D1860383B00AE922B /* SSObjectBaseTestTests.m */,
				B075F8481860383B00AE922B /* Supporting Files */,
			);
			path = SSObjectBaseTestTests;
			sourceTree = "<group>";
		};
		B075F8481860383B00AE922B /* Supporting Files */ = {
			isa = PBXGroup;
			children = (
				B075F8491860383B00AE922B /* SSObjectBaseTestTests-Info.plist */,
				B075F84A1860383B00AE922B /* InfoPlist.strings */,
			);
			name = "Supporting Files";
			sourceTree = "<group>";
		};
		B075F8571860387500AE922B /* SSObjectBase */ = {
			isa = PBXGroup;
			children = (
				B075F8581860387500AE922B /* SSObjectBase.h */,
				B075F8591860387500AE922B /* SSObjectBase.m */,
			);
			path = SSObjectBase;
			sourceTree = "<group>";
		};
/* End PBXGroup section */

/* Begin PBXNativeTarget section */
		B075F8241860383A00AE922B /* SSObjectBaseTest */ = {
			isa = PBXNativeTarget;
			buildConfigurationList = B075F8511860383B00AE922B /* Build configuration list for PBXNativeTarget "SSObjectBaseTest" */;
			buildPhases = (
				B075F8211860383A00AE922B /* Sources */,
				B075F8221860383A00AE922B /* Frameworks */,
				B075F8231860383A00AE922B /* Resources */,
			);
			buildRules = (
			);
			dependencies = (
			);
			name = SSObjectBaseTest;
			productName = SSObjectBaseTest;
			productReference = B075F8251860383A00AE922B /* SSObjectBaseTest.app */;
			productType = "com.apple.product-type.application";
		};
		B075F83F1860383B00AE922B /* SSObjectBaseTestTests */ = {
			isa = PBXNativeTarget;
			buildConfigurationList = B075F8541860383B00AE922B /* Build configuration list for PBXNativeTarget "SSObjectBaseTestTests" */;
			buildPhases = (
				B075F83C1860383B00AE922B /* Sources */,
				B075F83D1860383B00AE922B /* Frameworks */,
				B075F83E1860383B00AE922B /* Resources */,
			);
			buildRules = (
			);
			dependencies = (
				B075F8461860383B00AE922B /* PBXTargetDependency */,
			);
			name = SSObjectBaseTestTests;
			productName = SSObjectBaseTestTests;
			productReference = B075F8401860383B00AE922B /* SSObjectBaseTestTests.xctest */;
			productType = "com.apple.product-type.bundle.unit-test";
		};
/* End PBXNativeTarget section */

/* Begin PBXProject section */
		B075F81D1860383A00AE922B /* Project object */ = {
			isa = PBXProject;
			attributes = {
				LastUpgradeCheck = 0500;
				ORGANIZATIONNAME = Steven;
				TargetAttributes = {
					B075F83F1860383B00AE922B = {
						TestTargetID = B075F8241860383A00AE922B;
					};
				};
			};
			buildConfigurationList = B075F8201860383A00AE922B /* Build configuration list for PBXProject "SSObjectBaseTest" */;
			compatibilityVersion = "Xcode 3.2";
			developmentRegion = English;
			hasScannedForEncodings = 0;
			knownRegions = (
				en,
			);
			mainGroup = B075F81C1860383A00AE922B;
			productRefGroup = B075F8261860383A00AE922B /* Products */;
			projectDirPath = "";
			projectRoot = "";
			targets = (
				B075F8241860383A00AE922B /* SSObjectBaseTest */,
				B075F83F1860383B00AE922B /* SSObjectBaseTestTests */,
			);
		};
/* End PBXProject section */

/* Begin PBXResourcesBuildPhase section */
		B075F8231860383A00AE922B /* Resources */ = {
			isa = PBXResourcesBuildPhase;
			buildActionMask = 2147483647;
			files = (
				B075F8331860383A00AE922B /* InfoPlist.strings in Resources */,
				B075F83B1860383A00AE922B /* Images.xcassets in Resources */,
			);
			runOnlyForDeploymentPostprocessing = 0;
		};
		B075F83E1860383B00AE922B /* Resources */ = {
			isa = PBXResourcesBuildPhase;
			buildActionMask = 2147483647;
			files = (
				B075F84C1860383B00AE922B /* InfoPlist.strings in Resources */,
			);
			runOnlyForDeploymentPostprocessing = 0;
		};
/* End PBXResourcesBuildPhase section */

/* Begin PBXSourcesBuildPhase section */
		B075F8211860383A00AE922B /* Sources */ = {
			isa = PBXSourcesBuildPhase;
			buildActionMask = 2147483647;
			files = (
				B075F85A1860387500AE922B /* SSObjectBase.m in Sources */,
				B075F8601860394B00AE922B /* PersonObject.m in Sources */,
				B075F8391860383A00AE922B /* AppDelegate.m in Sources */,
				B075F85D186038B000AE922B /* GroupObject.m in Sources */,
				B075F8351860383A00AE922B /* main.m in Sources */,
				B075F86318603B3000AE922B /* ClassesObject.m in Sources */,
			);
			runOnlyForDeploymentPostprocessing = 0;
		};
		B075F83C1860383B00AE922B /* Sources */ = {
			isa = PBXSourcesBuildPhase;
			buildActionMask = 2147483647;
			files = (
				B075F84E1860383B00AE922B /* SSObjectBaseTestTests.m in Sources */,
			);
			runOnlyForDeploymentPostprocessing = 0;
		};
/* End PBXSourcesBuildPhase section */

/* Begin PBXTargetDependency section */
		B075F8461860383B00AE922B /* PBXTargetDependency */ = {
			isa = PBXTargetDependency;
			target = B075F8241860383A00AE922B /* SSObjectBaseTest */;
			targetProxy = B075F8451860383B00AE922B /* PBXContainerItemProxy */;
		};
/* End PBXTargetDependency section */

/* Begin PBXVariantGroup section */
		B075F8311860383A00AE922B /* InfoPlist.strings */ = {
			isa = PBXVariantGroup;
			children = (
				B075F8321860383A00AE922B /* en */,
			);
			name = InfoPlist.strings;
			sourceTree = "<group>";
		};
		B075F84A1860383B00AE922B /* InfoPlist.strings */ = {
			isa = PBXVariantGroup;
			children = (
				B075F84B1860383B00AE922B /* en */,
			);
			name = InfoPlist.strings;
			sourceTree = "<group>";
		};
/* End PBXVariantGroup section */

/* Begin XCBuildConfiguration section */
		B075F84F1860383B00AE922B /* Debug */ = {
			isa = XCBuildConfiguration;
			buildSettings = {
				ALWAYS_SEARCH_USER_PATHS = NO;
				ARCHS = "$(ARCHS_STANDARD_INCLUDING_64_BIT)";
				CLANG_CXX_LANGUAGE_STANDARD = "gnu++0x";
				CLANG_CXX_LIBRARY = "libc++";
				CLANG_ENABLE_MODULES = YES;
				CLANG_ENABLE_OBJC_ARC = YES;
				CLANG_WARN_BOOL_CONVERSION = YES;
				CLANG_WARN_CONSTANT_CONVERSION = YES;
				CLANG_WARN_DIRECT_OBJC_ISA_USAGE = YES_ERROR;
				CLANG_WARN_EMPTY_BODY = YES;
				CLANG_WARN_ENUM_CONVERSION = YES;
				CLANG_WARN_INT_CONVERSION = YES;
				CLANG_WARN_OBJC_ROOT_CLASS = YES_ERROR;
				CLANG_WARN__DUPLICATE_METHOD_MATCH = YES;
				"CODE_SIGN_IDENTITY[sdk=iphoneos*]" = "iPhone Developer";
				COPY_PHASE_STRIP = NO;
				GCC_C_LANGUAGE_STANDARD = gnu99;
				GCC_DYNAMIC_NO_PIC = NO;
				GCC_OPTIMIZATION_LEVEL = 0;
				GCC_PREPROCESSOR_DEFINITIONS = (
					"DEBUG=1",
					"$(inherited)",
				);
				GCC_SYMBOLS_PRIVATE_EXTERN = NO;
				GCC_WARN_64_TO_32_BIT_CONVERSION = YES;
				GCC_WARN_ABOUT_RETURN_TYPE = YES_ERROR;
				GCC_WARN_UNDECLARED_SELECTOR = YES;
				GCC_WARN_UNINITIALIZED_AUTOS = YES;
				GCC_WARN_UNUSED_FUNCTION = YES;
				GCC_WARN_UNUSED_VARIABLE = YES;
				IPHONEOS_DEPLOYMENT_TARGET = 7.0;
				ONLY_ACTIVE_ARCH = YES;
				SDKROOT = iphoneos;
			};
			name = Debug;
		};
		B075F8501860383B00AE922B /* Release */ = {
			isa = XCBuildConfiguration;
			buildSettings = {
				ALWAYS_SEARCH_USER_PATHS = NO;
				ARCHS = "$(ARCHS_STANDARD_INCLUDING_64_BIT)";
				CLANG_CXX_LANGUAGE_STANDARD = "gnu++0x";
				CLANG_CXX_LIBRARY = "libc++";
				CLANG_ENABLE_MODULES = YES;
				CLANG_ENABLE_OBJC_ARC = YES;
				CLANG_WARN_BOOL_CONVERSION = YES;
				CLANG_WARN_CONSTANT_CONVERSION = YES;
				CLANG_WARN_DIRECT_OBJC_ISA_USAGE = YES_ERROR;
				CLANG_WARN_EMPTY_BODY = YES;
				CLANG_WARN_ENUM_CONVERSION = YES;
				CLANG_WARN_INT_CONVERSION = YES;
				CLANG_WARN_OBJC_ROOT_CLASS = YES_ERROR;
				CLANG_WARN__DUPLICATE_METHOD_MATCH = YES;
				"CODE_SIGN_IDENTITY[sdk=iphoneos*]" = "iPhone Developer";
				COPY_PHASE_STRIP = YES;
				ENABLE_NS_ASSERTIONS = NO;
				GCC_C_LANGUAGE_STANDARD = gnu99;
				GCC_WARN_64_TO_32_BIT_CONVERSION = YES;
				GCC_WARN_ABOUT_RETURN_TYPE = YES_ERROR;
				GCC_WARN_UNDECLARED_SELECTOR = YES;
				GCC_WARN_UNINITIALIZED_AUTOS = YES;
				GCC_WARN_UNUSED_FUNCTION = YES;
				GCC_WARN_UNUSED_VARIABLE = YES;
				IPHONEOS_DEPLOYMENT_TARGET = 7.0;
				SDKROOT = iphoneos;
				VALIDATE_PRODUCT = YES;
			};
			name = Release;
		};
		B075F8521860383B00AE922B /* Debug */ = {
			isa = XCBuildConfiguration;
			buildSettings = {
				ASSETCATALOG_COMPILER_APPICON_NAME = AppIcon;
				ASSETCATALOG_COMPILER_LAUNCHIMAGE_NAME = LaunchImage;
				GCC_PRECOMPILE_PREFIX_HEADER = YES;
				GCC_PREFIX_HEADER = "SSObjectBaseTest/SSObjectBaseTest-Prefix.pch";
				INFOPLIST_FILE = "SSObjectBaseTest/SSObjectBaseTest-Info.plist";
				PRODUCT_NAME = "$(TARGET_NAME)";
				WRAPPER_EXTENSION = app;
			};
			name = Debug;
		};
		B075F8531860383B00AE922B /* Release */ = {
			isa = XCBuildConfiguration;
			buildSettings = {
				ASSETCATALOG_COMPILER_APPICON_NAME = AppIcon;
				ASSETCATALOG_COMPILER_LAUNCHIMAGE_NAME = LaunchImage;
				GCC_PRECOMPILE_PREFIX_HEADER = YES;
				GCC_PREFIX_HEADER = "SSObjectBaseTest/SSObjectBaseTest-Prefix.pch";
				INFOPLIST_FILE = "SSObjectBaseTest/SSObjectBaseTest-Info.plist";
				PRODUCT_NAME = "$(TARGET_NAME)";
				WRAPPER_EXTENSION = app;
			};
			name = Release;
		};
		B075F8551860383B00AE922B /* Debug */ = {
			isa = XCBuildConfiguration;
			buildSettings = {
				ARCHS = "$(ARCHS_STANDARD_INCLUDING_64_BIT)";
				BUNDLE_LOADER = "$(BUILT_PRODUCTS_DIR)/SSObjectBaseTest.app/SSObjectBaseTest";
				FRAMEWORK_SEARCH_PATHS = (
					"$(SDKROOT)/Developer/Library/Frameworks",
					"$(inherited)",
					"$(DEVELOPER_FRAMEWORKS_DIR)",
				);
				GCC_PRECOMPILE_PREFIX_HEADER = YES;
				GCC_PREFIX_HEADER = "SSObjectBaseTest/SSObjectBaseTest-Prefix.pch";
				GCC_PREPROCESSOR_DEFINITIONS = (
					"DEBUG=1",
					"$(inherited)",
				);
				INFOPLIST_FILE = "SSObjectBaseTestTests/SSObjectBaseTestTests-Info.plist";
				PRODUCT_NAME = "$(TARGET_NAME)";
				TEST_HOST = "$(BUNDLE_LOADER)";
				WRAPPER_EXTENSION = xctest;
			};
			name = Debug;
		};
		B075F8561860383B00AE922B /* Release */ = {
			isa = XCBuildConfiguration;
			buildSettings = {
				ARCHS = "$(ARCHS_STANDARD_INCLUDING_64_BIT)";
				BUNDLE_LOADER = "$(BUILT_PRODUCTS_DIR)/SSObjectBaseTest.app/SSObjectBaseTest";
				FRAMEWORK_SEARCH_PATHS = (
					"$(SDKROOT)/Developer/Library/Frameworks",
					"$(inherited)",
					"$(DEVELOPER_FRAMEWORKS_DIR)",
				);
				GCC_PRECOMPILE_PREFIX_HEADER = YES;
				GCC_PREFIX_HEADER = "SSObjectBaseTest/SSObjectBaseTest-Prefix.pch";
				INFOPLIST_FILE = "SSObjectBaseTestTests/SSObjectBaseTestTests-Info.plist";
				PRODUCT_NAME = "$(TARGET_NAME)";
				TEST_HOST = "$(BUNDLE_LOADER)";
				WRAPPER_EXTENSION = xctest;
			};
			name = Release;
		};
/* End XCBuildConfiguration section */

/* Begin XCConfigurationList section */
		B075F8201860383A00AE922B /* Build configuration list for PBXProject "SSObjectBaseTest" */ = {
			isa = XCConfigurationList;
			buildConfigurations = (
				B075F84F1860383B00AE922B /* Debug */,
				B075F8501860383B00AE922B /* Release */,
			);
			defaultConfigurationIsVisible = 0;
			defaultConfigurationName = Release;
		};
		B075F8511860383B00AE922B /* Build configuration list for PBXNativeTarget "SSObjectBaseTest" */ = {
			isa = XCConfigurationList;
			buildConfigurations = (
				B075F8521860383B00AE922B /* Debug */,
				B075F8531860383B00AE922B /* Release */,
			);
			defaultConfigurationIsVisible = 0;
		};
		B075F8541860383B00AE922B /* Build configuration list for PBXNativeTarget "SSObjectBaseTestTests" */ = {
			isa = XCConfigurationList;
			buildConfigurations = (
				B075F8551860383B00AE922B /* Debug */,
				B075F8561860383B00AE922B /* Release */,
			);
			defaultConfigurationIsVisible = 0;
		};
/* End XCConfigurationList section */
	};
	rootObject = B075F81D1860383A00AE922B /* Project object */;
}
